
Microsoft Visual Studio Solution File, Format Version 12.00
Project("{FAE04EC0-301F-11D3-BF4B-00C04F79EFBC}") = "Colegio", "Colegio\Colegio.csproj", "{F6A6227D-9CD2-42A7-939D-84E0696980EE}"
EndProject
Project("{FAE04EC0-301F-11D3-BF4B-00C04F79EFBC}") = "Tests", "Tests\Tests.csproj", "{B70D0FA4-C7A4-4E82-A157-91D0837C9003}"
EndProject
Global
	GlobalSection(SolutionConfigurationPlatforms) = preSolution
		Debug|Any CPU = Debug|Any CPU
		Release|Any CPU = Release|Any CPU
	EndGlobalSection
	GlobalSection(ProjectConfigurationPlatforms) = postSolution
		{F6A6227D-9CD2-42A7-939D-84E0696980EE}.Debug|Any CPU.ActiveCfg = Debug|Any CPU
		{F6A6227D-9CD2-42A7-939D-84E0696980EE}.Debug|Any CPU.Build.0 = Debug|Any CPU
		{F6A6227D-9CD2-42A7-939D-84E0696980EE}.Release|Any CPU.ActiveCfg = Release|Any CPU
		{F6A6227D-9CD2-42A7-939D-84E0696980EE}.Release|Any CPU.Build.0 = Release|Any CPU
		{B70D0FA4-C7A4-4E82-A157-91D0837C9003}.Debug|Any CPU.ActiveCfg = Debug|Any CPU
		{B70D0FA4-C7A4-4E82-A157-91D0837C9003}.Debug|Any CPU.Build.0 = Debug|Any CPU
		{B70D0FA4-C7A4-4E82-A157-91D0837C9003}.Release|Any CPU.ActiveCfg = Release|Any CPU
		{B70D0FA4-C7A4-4E82-A157-91D0837C9003}.Release|Any CPU.Build.0 = Release|Any CPU
	EndGlobalSection
EndGlobal
